
Microsoft Visual Studio Solution File, Format Version 12.00
# Visual Studio Version 16
VisualStudioVersion = 16.0.30011.22
MinimumVisualStudioVersion = 10.0.40219.1
Project("{FAE04EC0-301F-11D3-BF4B-00C04F79EFBC}") = "Shadowin", "Shadowin\Shadowin.csproj", "{9F3C911F-6A05-41C2-9E99-9F845D7048FA}"
EndProject
Project("{2150E333-8FDC-42A3-9474-1A3956D46DE8}") = "docs", "docs", "{C9E9045C-4053-4F38-8E16-E53D55DFDB1B}"
	ProjectSection(SolutionItems) = preProject
		docs\demo-autocomplete.png = docs\demo-autocomplete.png
		docs\demo-delete.png = docs\demo-delete.png
		docs\demo-edit.png = docs\demo-edit.png
		docs\demo-impexp.png = docs\demo-impexp.png
		docs\demo-main.png = docs\demo-main.png
		docs\demo-move.png = docs\demo-move.png
		docs\demo-preview.png = docs\demo-preview.png
		docs\demo-settings.png = docs\demo-settings.png
		LICENSE = LICENSE
		docs\logo.jpg = docs\logo.jpg
		README.md = README.md
	EndProjectSection
EndProject
Project("{E24C65DC-7377-472B-9ABA-BC803B73C61A}") = "stock", "stock\", "{CD2AA476-6821-4695-B845-A3923FECB5E3}"
	ProjectSection(WebsiteProperties) = preProject
		TargetFrameworkMoniker = ".NETFramework,Version%3Dv2.0"
		Debug.AspNetCompiler.VirtualPath = "/localhost_61980"
		Debug.AspNetCompiler.PhysicalPath = "stock\"
		Debug.AspNetCompiler.TargetPath = "PrecompiledWeb\localhost_61980\"
		Debug.AspNetCompiler.Updateable = "true"
		Debug.AspNetCompiler.ForceOverwrite = "true"
		Debug.AspNetCompiler.FixedNames = "false"
		Debug.AspNetCompiler.Debug = "True"
		Release.AspNetCompiler.VirtualPath = "/localhost_61980"
		Release.AspNetCompiler.PhysicalPath = "stock\"
		Release.AspNetCompiler.TargetPath = "PrecompiledWeb\localhost_61980\"
		Release.AspNetCompiler.Updateable = "true"
		Release.AspNetCompiler.ForceOverwrite = "true"
		Release.AspNetCompiler.FixedNames = "false"
		Release.AspNetCompiler.Debug = "False"
		VWDPort = "61980"
		SlnRelativePath = "stock\"
	EndProjectSection
EndProject
Project("{E24C65DC-7377-472B-9ABA-BC803B73C61A}") = "stock-data", "stock-data\", "{CB1A541E-ADE2-472A-A778-540793DF88CC}"
	ProjectSection(WebsiteProperties) = preProject
		TargetFrameworkMoniker = ".NETFramework,Version%3Dv4.0"
		Debug.AspNetCompiler.VirtualPath = "/localhost_62491"
		Debug.AspNetCompiler.PhysicalPath = "stock-data\"
		Debug.AspNetCompiler.TargetPath = "PrecompiledWeb\localhost_62491\"
		Debug.AspNetCompiler.Updateable = "true"
		Debug.AspNetCompiler.ForceOverwrite = "true"
		Debug.AspNetCompiler.FixedNames = "false"
		Debug.AspNetCompiler.Debug = "True"
		Release.AspNetCompiler.VirtualPath = "/localhost_62491"
		Release.AspNetCompiler.PhysicalPath = "stock-data\"
		Release.AspNetCompiler.TargetPath = "PrecompiledWeb\localhost_62491\"
		Release.AspNetCompiler.Updateable = "true"
		Release.AspNetCompiler.ForceOverwrite = "true"
		Release.AspNetCompiler.FixedNames = "false"
		Release.AspNetCompiler.Debug = "False"
		VWDPort = "62491"
	EndProjectSection
EndProject
Global
	GlobalSection(SolutionConfigurationPlatforms) = preSolution
		Debug|Any CPU = Debug|Any CPU
		Release|Any CPU = Release|Any CPU
	EndGlobalSection
	GlobalSection(ProjectConfigurationPlatforms) = postSolution
		{9F3C911F-6A05-41C2-9E99-9F845D7048FA}.Debug|Any CPU.ActiveCfg = Debug|Any CPU
		{9F3C911F-6A05-41C2-9E99-9F845D7048FA}.Debug|Any CPU.Build.0 = Debug|Any CPU
		{9F3C911F-6A05-41C2-9E99-9F845D7048FA}.Release|Any CPU.ActiveCfg = Release|Any CPU
		{9F3C911F-6A05-41C2-9E99-9F845D7048FA}.Release|Any CPU.Build.0 = Release|Any CPU
		{CD2AA476-6821-4695-B845-A3923FECB5E3}.Debug|Any CPU.ActiveCfg = Debug|Any CPU
		{CD2AA476-6821-4695-B845-A3923FECB5E3}.Debug|Any CPU.Build.0 = Debug|Any CPU
		{CD2AA476-6821-4695-B845-A3923FECB5E3}.Release|Any CPU.ActiveCfg = Debug|Any CPU
		{CD2AA476-6821-4695-B845-A3923FECB5E3}.Release|Any CPU.Build.0 = Debug|Any CPU
		{CB1A541E-ADE2-472A-A778-540793DF88CC}.Debug|Any CPU.ActiveCfg = Debug|Any CPU
		{CB1A541E-ADE2-472A-A778-540793DF88CC}.Debug|Any CPU.Build.0 = Debug|Any CPU
		{CB1A541E-ADE2-472A-A778-540793DF88CC}.Release|Any CPU.ActiveCfg = Debug|Any CPU
		{CB1A541E-ADE2-472A-A778-540793DF88CC}.Release|Any CPU.Build.0 = Debug|Any CPU
	EndGlobalSection
	GlobalSection(SolutionProperties) = preSolution
		HideSolutionNode = FALSE
	EndGlobalSection
	GlobalSection(ExtensibilityGlobals) = postSolution
		SolutionGuid = {96F0C10E-FE60-41A0-A8DE-E8BA90334370}
	EndGlobalSection
EndGlobal
