
Microsoft Visual Studio Solution File, Format Version 12.00
# Visual Studio Version 16
VisualStudioVersion = 16.0.30011.22
MinimumVisualStudioVersion = 10.0.40219.1
Project("{FAE04EC0-301F-11D3-BF4B-00C04F79EFBC}") = "Shadowin", "Shadowin\Shadowin.csproj", "{9F3C911F-6A05-41C2-9E99-9F845D7048FA}"
EndProject
Project("{E24C65DC-7377-472B-9ABA-BC803B73C61A}") = "ShadowStock", "http://localhost:2556", "{31C0CB9D-2976-4C13-B6AE-FF6648CF882B}"
	ProjectSection(WebsiteProperties) = preProject
		UseIISExpress = "true"
		TargetFrameworkMoniker = ".NETFramework,Version%3Dv2.0"
		Debug.AspNetCompiler.VirtualPath = "/localhost_2556"
		Debug.AspNetCompiler.PhysicalPath = "ShadowStock\"
		Debug.AspNetCompiler.TargetPath = "PrecompiledWeb\localhost_2556\"
		Debug.AspNetCompiler.Updateable = "true"
		Debug.AspNetCompiler.ForceOverwrite = "true"
		Debug.AspNetCompiler.FixedNames = "false"
		Debug.AspNetCompiler.Debug = "True"
		Release.AspNetCompiler.VirtualPath = "/localhost_2556"
		Release.AspNetCompiler.PhysicalPath = "ShadowStock\"
		Release.AspNetCompiler.TargetPath = "PrecompiledWeb\localhost_2556\"
		Release.AspNetCompiler.Updateable = "true"
		Release.AspNetCompiler.ForceOverwrite = "true"
		Release.AspNetCompiler.FixedNames = "false"
		Release.AspNetCompiler.Debug = "False"
		SlnRelativePath = "ShadowStock\"
	EndProjectSection
EndProject
Project("{2150E333-8FDC-42A3-9474-1A3956D46DE8}") = "docs", "docs", "{C9E9045C-4053-4F38-8E16-E53D55DFDB1B}"
	ProjectSection(SolutionItems) = preProject
		docs\demo-autocomplete.png = docs\demo-autocomplete.png
		docs\demo-delete.png = docs\demo-delete.png
		docs\demo-edit.png = docs\demo-edit.png
		docs\demo-impexp.png = docs\demo-impexp.png
		docs\demo-legacy.gif = docs\demo-legacy.gif
		docs\demo-main.png = docs\demo-main.png
		docs\demo-move.png = docs\demo-move.png
		docs\demo-preview.png = docs\demo-preview.png
		docs\demo-settings.png = docs\demo-settings.png
		docs\download.png = docs\download.png
		LICENSE = LICENSE
		docs\logo.jpg = docs\logo.jpg
		README.md = README.md
	EndProjectSection
EndProject
Global
	GlobalSection(SolutionConfigurationPlatforms) = preSolution
		Debug|Any CPU = Debug|Any CPU
		Release|Any CPU = Release|Any CPU
	EndGlobalSection
	GlobalSection(ProjectConfigurationPlatforms) = postSolution
		{9F3C911F-6A05-41C2-9E99-9F845D7048FA}.Debug|Any CPU.ActiveCfg = Debug|Any CPU
		{9F3C911F-6A05-41C2-9E99-9F845D7048FA}.Debug|Any CPU.Build.0 = Debug|Any CPU
		{9F3C911F-6A05-41C2-9E99-9F845D7048FA}.Release|Any CPU.ActiveCfg = Release|Any CPU
		{9F3C911F-6A05-41C2-9E99-9F845D7048FA}.Release|Any CPU.Build.0 = Release|Any CPU
		{31C0CB9D-2976-4C13-B6AE-FF6648CF882B}.Debug|Any CPU.ActiveCfg = Debug|Any CPU
		{31C0CB9D-2976-4C13-B6AE-FF6648CF882B}.Debug|Any CPU.Build.0 = Debug|Any CPU
		{31C0CB9D-2976-4C13-B6AE-FF6648CF882B}.Release|Any CPU.ActiveCfg = Debug|Any CPU
		{31C0CB9D-2976-4C13-B6AE-FF6648CF882B}.Release|Any CPU.Build.0 = Debug|Any CPU
	EndGlobalSection
	GlobalSection(SolutionProperties) = preSolution
		HideSolutionNode = FALSE
	EndGlobalSection
	GlobalSection(ExtensibilityGlobals) = postSolution
		SolutionGuid = {96F0C10E-FE60-41A0-A8DE-E8BA90334370}
	EndGlobalSection
EndGlobal
